
Microsoft Visual Studio Solution File, Format Version 12.00
# Visual Studio Version 17
VisualStudioVersion = 17.10.35122.118
MinimumVisualStudioVersion = 10.0.40219.1
Project("{FAE04EC0-301F-11D3-BF4B-00C04F79EFBC}") = "1_Quest_One", "1_Quest_One\1_Quest_One.csproj", "{9BB71CBB-2740-484E-A27D-CCBBD47A7A84}"
EndProject
Project("{FAE04EC0-301F-11D3-BF4B-00C04F79EFBC}") = "2_Quest_Two", "2_Quest_Two\2_Quest_Two.csproj", "{6E587E99-D9F2-4634-AFA0-EBDD7351C95B}"
EndProject
Project("{FAE04EC0-301F-11D3-BF4B-00C04F79EFBC}") = "3_Quest_Three", "3_Quest_Three\3_Quest_Three.csproj", "{5A973099-F270-45D4-91E7-CB0FC70B4BFE}"
EndProject
Project("{FAE04EC0-301F-11D3-BF4B-00C04F79EFBC}") = "4_Quest_Four", "4_Quest_Four\4_Quest_Four.csproj", "{1E760542-B6B3-4C2B-A555-37150B156814}"
EndProject
Project("{FAE04EC0-301F-11D3-BF4B-00C04F79EFBC}") = "5_Quest_Five", "5_Quest_Five\5_Quest_Five.csproj", "{9B68DD5A-E655-4B31-831A-21F055DA423D}"
EndProject
Global
	GlobalSection(SolutionConfigurationPlatforms) = preSolution
		Debug|Any CPU = Debug|Any CPU
		Release|Any CPU = Release|Any CPU
	EndGlobalSection
	GlobalSection(ProjectConfigurationPlatforms) = postSolution
		{9BB71CBB-2740-484E-A27D-CCBBD47A7A84}.Debug|Any CPU.ActiveCfg = Debug|Any CPU
		{9BB71CBB-2740-484E-A27D-CCBBD47A7A84}.Debug|Any CPU.Build.0 = Debug|Any CPU
		{9BB71CBB-2740-484E-A27D-CCBBD47A7A84}.Release|Any CPU.ActiveCfg = Release|Any CPU
		{9BB71CBB-2740-484E-A27D-CCBBD47A7A84}.Release|Any CPU.Build.0 = Release|Any CPU
		{6E587E99-D9F2-4634-AFA0-EBDD7351C95B}.Debug|Any CPU.ActiveCfg = Debug|Any CPU
		{6E587E99-D9F2-4634-AFA0-EBDD7351C95B}.Debug|Any CPU.Build.0 = Debug|Any CPU
		{6E587E99-D9F2-4634-AFA0-EBDD7351C95B}.Release|Any CPU.ActiveCfg = Release|Any CPU
		{6E587E99-D9F2-4634-AFA0-EBDD7351C95B}.Release|Any CPU.Build.0 = Release|Any CPU
		{5A973099-F270-45D4-91E7-CB0FC70B4BFE}.Debug|Any CPU.ActiveCfg = Debug|Any CPU
		{5A973099-F270-45D4-91E7-CB0FC70B4BFE}.Debug|Any CPU.Build.0 = Debug|Any CPU
		{5A973099-F270-45D4-91E7-CB0FC70B4BFE}.Release|Any CPU.ActiveCfg = Release|Any CPU
		{5A973099-F270-45D4-91E7-CB0FC70B4BFE}.Release|Any CPU.Build.0 = Release|Any CPU
		{1E760542-B6B3-4C2B-A555-37150B156814}.Debug|Any CPU.ActiveCfg = Debug|Any CPU
		{1E760542-B6B3-4C2B-A555-37150B156814}.Debug|Any CPU.Build.0 = Debug|Any CPU
		{1E760542-B6B3-4C2B-A555-37150B156814}.Release|Any CPU.ActiveCfg = Release|Any CPU
		{1E760542-B6B3-4C2B-A555-37150B156814}.Release|Any CPU.Build.0 = Release|Any CPU
		{9B68DD5A-E655-4B31-831A-21F055DA423D}.Debug|Any CPU.ActiveCfg = Debug|Any CPU
		{9B68DD5A-E655-4B31-831A-21F055DA423D}.Debug|Any CPU.Build.0 = Debug|Any CPU
		{9B68DD5A-E655-4B31-831A-21F055DA423D}.Release|Any CPU.ActiveCfg = Release|Any CPU
		{9B68DD5A-E655-4B31-831A-21F055DA423D}.Release|Any CPU.Build.0 = Release|Any CPU
	EndGlobalSection
	GlobalSection(SolutionProperties) = preSolution
		HideSolutionNode = FALSE
	EndGlobalSection
	GlobalSection(ExtensibilityGlobals) = postSolution
		SolutionGuid = {25B5E201-405F-4684-A0B2-9C505AB0D734}
	EndGlobalSection
EndGlobal
